
Microsoft Visual Studio Solution File, Format Version 12.00
# Visual Studio Version 16
VisualStudioVersion = 16.0.30011.22
MinimumVisualStudioVersion = 10.0.40219.1
Project("{FAE04EC0-301F-11D3-BF4B-00C04F79EFBC}") = "Backend", "Backend\Backend.csproj", "{681BF29B-137E-470A-B610-D66491346859}"
EndProject
Project("{FAE04EC0-301F-11D3-BF4B-00C04F79EFBC}") = "FundRiser.UWP", "FundRiser\FundRiser.UWP\FundRiser.UWP.csproj", "{49E29728-4254-4F3F-890B-52578C07158D}"
EndProject
Project("{FAE04EC0-301F-11D3-BF4B-00C04F79EFBC}") = "FundRiser.Android", "FundRiser\FundRiser.Android\FundRiser.Android.csproj", "{D408E738-B1B0-40AF-9F8B-B5E40230ABD2}"
EndProject
Project("{FAE04EC0-301F-11D3-BF4B-00C04F79EFBC}") = "FundRiser.iOS", "FundRiser\FundRiser.iOS\FundRiser.iOS.csproj", "{011B8DD6-FA0F-4EE1-B72F-7F2FC953B6A9}"
EndProject
Project("{FAE04EC0-301F-11D3-BF4B-00C04F79EFBC}") = "FundRiser", "FundRiser\FundRiser\FundRiser.csproj", "{82755792-9CA2-42D5-AE6A-AED5F9149453}"
EndProject
Global
	GlobalSection(SolutionConfigurationPlatforms) = preSolution
		Debug|Any CPU = Debug|Any CPU
		Debug|ARM = Debug|ARM
		Debug|iPhone = Debug|iPhone
		Debug|iPhoneSimulator = Debug|iPhoneSimulator
		Debug|x64 = Debug|x64
		Debug|x86 = Debug|x86
		Release|Any CPU = Release|Any CPU
		Release|ARM = Release|ARM
		Release|iPhone = Release|iPhone
		Release|iPhoneSimulator = Release|iPhoneSimulator
		Release|x64 = Release|x64
		Release|x86 = Release|x86
	EndGlobalSection
	GlobalSection(ProjectConfigurationPlatforms) = postSolution
		{681BF29B-137E-470A-B610-D66491346859}.Debug|Any CPU.ActiveCfg = Debug|Any CPU
		{681BF29B-137E-470A-B610-D66491346859}.Debug|Any CPU.Build.0 = Debug|Any CPU
		{681BF29B-137E-470A-B610-D66491346859}.Debug|ARM.ActiveCfg = Debug|Any CPU
		{681BF29B-137E-470A-B610-D66491346859}.Debug|ARM.Build.0 = Debug|Any CPU
		{681BF29B-137E-470A-B610-D66491346859}.Debug|iPhone.ActiveCfg = Debug|Any CPU
		{681BF29B-137E-470A-B610-D66491346859}.Debug|iPhone.Build.0 = Debug|Any CPU
		{681BF29B-137E-470A-B610-D66491346859}.Debug|iPhoneSimulator.ActiveCfg = Debug|Any CPU
		{681BF29B-137E-470A-B610-D66491346859}.Debug|iPhoneSimulator.Build.0 = Debug|Any CPU
		{681BF29B-137E-470A-B610-D66491346859}.Debug|x64.ActiveCfg = Debug|Any CPU
		{681BF29B-137E-470A-B610-D66491346859}.Debug|x64.Build.0 = Debug|Any CPU
		{681BF29B-137E-470A-B610-D66491346859}.Debug|x86.ActiveCfg = Debug|Any CPU
		{681BF29B-137E-470A-B610-D66491346859}.Debug|x86.Build.0 = Debug|Any CPU
		{681BF29B-137E-470A-B610-D66491346859}.Release|Any CPU.ActiveCfg = Release|Any CPU
		{681BF29B-137E-470A-B610-D66491346859}.Release|Any CPU.Build.0 = Release|Any CPU
		{681BF29B-137E-470A-B610-D66491346859}.Release|ARM.ActiveCfg = Release|Any CPU
		{681BF29B-137E-470A-B610-D66491346859}.Release|ARM.Build.0 = Release|Any CPU
		{681BF29B-137E-470A-B610-D66491346859}.Release|iPhone.ActiveCfg = Release|Any CPU
		{681BF29B-137E-470A-B610-D66491346859}.Release|iPhone.Build.0 = Release|Any CPU
		{681BF29B-137E-470A-B610-D66491346859}.Release|iPhoneSimulator.ActiveCfg = Release|Any CPU
		{681BF29B-137E-470A-B610-D66491346859}.Release|iPhoneSimulator.Build.0 = Release|Any CPU
		{681BF29B-137E-470A-B610-D66491346859}.Release|x64.ActiveCfg = Release|Any CPU
		{681BF29B-137E-470A-B610-D66491346859}.Release|x64.Build.0 = Release|Any CPU
		{681BF29B-137E-470A-B610-D66491346859}.Release|x86.ActiveCfg = Release|Any CPU
		{681BF29B-137E-470A-B610-D66491346859}.Release|x86.Build.0 = Release|Any CPU
		{49E29728-4254-4F3F-890B-52578C07158D}.Debug|Any CPU.ActiveCfg = Debug|x86
		{49E29728-4254-4F3F-890B-52578C07158D}.Debug|ARM.ActiveCfg = Debug|ARM
		{49E29728-4254-4F3F-890B-52578C07158D}.Debug|ARM.Build.0 = Debug|ARM
		{49E29728-4254-4F3F-890B-52578C07158D}.Debug|ARM.Deploy.0 = Debug|ARM
		{49E29728-4254-4F3F-890B-52578C07158D}.Debug|iPhone.ActiveCfg = Debug|x86
		{49E29728-4254-4F3F-890B-52578C07158D}.Debug|iPhoneSimulator.ActiveCfg = Debug|x86
		{49E29728-4254-4F3F-890B-52578C07158D}.Debug|x64.ActiveCfg = Debug|x64
		{49E29728-4254-4F3F-890B-52578C07158D}.Debug|x64.Build.0 = Debug|x64
		{49E29728-4254-4F3F-890B-52578C07158D}.Debug|x64.Deploy.0 = Debug|x64
		{49E29728-4254-4F3F-890B-52578C07158D}.Debug|x86.ActiveCfg = Debug|x86
		{49E29728-4254-4F3F-890B-52578C07158D}.Debug|x86.Build.0 = Debug|x86
		{49E29728-4254-4F3F-890B-52578C07158D}.Debug|x86.Deploy.0 = Debug|x86
		{49E29728-4254-4F3F-890B-52578C07158D}.Release|Any CPU.ActiveCfg = Release|x86
		{49E29728-4254-4F3F-890B-52578C07158D}.Release|ARM.ActiveCfg = Release|ARM
		{49E29728-4254-4F3F-890B-52578C07158D}.Release|ARM.Build.0 = Release|ARM
		{49E29728-4254-4F3F-890B-52578C07158D}.Release|ARM.Deploy.0 = Release|ARM
		{49E29728-4254-4F3F-890B-52578C07158D}.Release|iPhone.ActiveCfg = Release|x86
		{49E29728-4254-4F3F-890B-52578C07158D}.Release|iPhoneSimulator.ActiveCfg = Release|x86
		{49E29728-4254-4F3F-890B-52578C07158D}.Release|x64.ActiveCfg = Release|x64
		{49E29728-4254-4F3F-890B-52578C07158D}.Release|x64.Build.0 = Release|x64
		{49E29728-4254-4F3F-890B-52578C07158D}.Release|x64.Deploy.0 = Release|x64
		{49E29728-4254-4F3F-890B-52578C07158D}.Release|x86.ActiveCfg = Release|x86
		{49E29728-4254-4F3F-890B-52578C07158D}.Release|x86.Build.0 = Release|x86
		{49E29728-4254-4F3F-890B-52578C07158D}.Release|x86.Deploy.0 = Release|x86
		{D408E738-B1B0-40AF-9F8B-B5E40230ABD2}.Debug|Any CPU.ActiveCfg = Debug|Any CPU
		{D408E738-B1B0-40AF-9F8B-B5E40230ABD2}.Debug|Any CPU.Build.0 = Debug|Any CPU
		{D408E738-B1B0-40AF-9F8B-B5E40230ABD2}.Debug|Any CPU.Deploy.0 = Debug|Any CPU
		{D408E738-B1B0-40AF-9F8B-B5E40230ABD2}.Debug|ARM.ActiveCfg = Debug|Any CPU
		{D408E738-B1B0-40AF-9F8B-B5E40230ABD2}.Debug|ARM.Build.0 = Debug|Any CPU
		{D408E738-B1B0-40AF-9F8B-B5E40230ABD2}.Debug|ARM.Deploy.0 = Debug|Any CPU
		{D408E738-B1B0-40AF-9F8B-B5E40230ABD2}.Debug|iPhone.ActiveCfg = Debug|Any CPU
		{D408E738-B1B0-40AF-9F8B-B5E40230ABD2}.Debug|iPhone.Build.0 = Debug|Any CPU
		{D408E738-B1B0-40AF-9F8B-B5E40230ABD2}.Debug|iPhone.Deploy.0 = Debug|Any CPU
		{D408E738-B1B0-40AF-9F8B-B5E40230ABD2}.Debug|iPhoneSimulator.ActiveCfg = Debug|Any CPU
		{D408E738-B1B0-40AF-9F8B-B5E40230ABD2}.Debug|iPhoneSimulator.Build.0 = Debug|Any CPU
		{D408E738-B1B0-40AF-9F8B-B5E40230ABD2}.Debug|iPhoneSimulator.Deploy.0 = Debug|Any CPU
		{D408E738-B1B0-40AF-9F8B-B5E40230ABD2}.Debug|x64.ActiveCfg = Debug|Any CPU
		{D408E738-B1B0-40AF-9F8B-B5E40230ABD2}.Debug|x64.Build.0 = Debug|Any CPU
		{D408E738-B1B0-40AF-9F8B-B5E40230ABD2}.Debug|x64.Deploy.0 = Debug|Any CPU
		{D408E738-B1B0-40AF-9F8B-B5E40230ABD2}.Debug|x86.ActiveCfg = Debug|Any CPU
		{D408E738-B1B0-40AF-9F8B-B5E40230ABD2}.Debug|x86.Build.0 = Debug|Any CPU
		{D408E738-B1B0-40AF-9F8B-B5E40230ABD2}.Debug|x86.Deploy.0 = Debug|Any CPU
		{D408E738-B1B0-40AF-9F8B-B5E40230ABD2}.Release|Any CPU.ActiveCfg = Release|Any CPU
		{D408E738-B1B0-40AF-9F8B-B5E40230ABD2}.Release|Any CPU.Build.0 = Release|Any CPU
		{D408E738-B1B0-40AF-9F8B-B5E40230ABD2}.Release|Any CPU.Deploy.0 = Release|Any CPU
		{D408E738-B1B0-40AF-9F8B-B5E40230ABD2}.Release|ARM.ActiveCfg = Release|Any CPU
		{D408E738-B1B0-40AF-9F8B-B5E40230ABD2}.Release|ARM.Build.0 = Release|Any CPU
		{D408E738-B1B0-40AF-9F8B-B5E40230ABD2}.Release|ARM.Deploy.0 = Release|Any CPU
		{D408E738-B1B0-40AF-9F8B-B5E40230ABD2}.Release|iPhone.ActiveCfg = Release|Any CPU
		{D408E738-B1B0-40AF-9F8B-B5E40230ABD2}.Release|iPhone.Build.0 = Release|Any CPU
		{D408E738-B1B0-40AF-9F8B-B5E40230ABD2}.Release|iPhone.Deploy.0 = Release|Any CPU
		{D408E738-B1B0-40AF-9F8B-B5E40230ABD2}.Release|iPhoneSimulator.ActiveCfg = Release|Any CPU
		{D408E738-B1B0-40AF-9F8B-B5E40230ABD2}.Release|iPhoneSimulator.Build.0 = Release|Any CPU
		{D408E738-B1B0-40AF-9F8B-B5E40230ABD2}.Release|iPhoneSimulator.Deploy.0 = Release|Any CPU
		{D408E738-B1B0-40AF-9F8B-B5E40230ABD2}.Release|x64.ActiveCfg = Release|Any CPU
		{D408E738-B1B0-40AF-9F8B-B5E40230ABD2}.Release|x64.Build.0 = Release|Any CPU
		{D408E738-B1B0-40AF-9F8B-B5E40230ABD2}.Release|x64.Deploy.0 = Release|Any CPU
		{D408E738-B1B0-40AF-9F8B-B5E40230ABD2}.Release|x86.ActiveCfg = Release|Any CPU
		{D408E738-B1B0-40AF-9F8B-B5E40230ABD2}.Release|x86.Build.0 = Release|Any CPU
		{D408E738-B1B0-40AF-9F8B-B5E40230ABD2}.Release|x86.Deploy.0 = Release|Any CPU
		{011B8DD6-FA0F-4EE1-B72F-7F2FC953B6A9}.Debug|Any CPU.ActiveCfg = Debug|iPhone
		{011B8DD6-FA0F-4EE1-B72F-7F2FC953B6A9}.Debug|ARM.ActiveCfg = Debug|iPhone
		{011B8DD6-FA0F-4EE1-B72F-7F2FC953B6A9}.Debug|iPhone.ActiveCfg = Debug|iPhone
		{011B8DD6-FA0F-4EE1-B72F-7F2FC953B6A9}.Debug|iPhone.Build.0 = Debug|iPhone
		{011B8DD6-FA0F-4EE1-B72F-7F2FC953B6A9}.Debug|iPhoneSimulator.ActiveCfg = Debug|iPhoneSimulator
		{011B8DD6-FA0F-4EE1-B72F-7F2FC953B6A9}.Debug|iPhoneSimulator.Build.0 = Debug|iPhoneSimulator
		{011B8DD6-FA0F-4EE1-B72F-7F2FC953B6A9}.Debug|x64.ActiveCfg = Debug|iPhone
		{011B8DD6-FA0F-4EE1-B72F-7F2FC953B6A9}.Debug|x86.ActiveCfg = Debug|iPhone
		{011B8DD6-FA0F-4EE1-B72F-7F2FC953B6A9}.Release|Any CPU.ActiveCfg = Release|iPhone
		{011B8DD6-FA0F-4EE1-B72F-7F2FC953B6A9}.Release|ARM.ActiveCfg = Release|iPhone
		{011B8DD6-FA0F-4EE1-B72F-7F2FC953B6A9}.Release|iPhone.ActiveCfg = Release|iPhone
		{011B8DD6-FA0F-4EE1-B72F-7F2FC953B6A9}.Release|iPhone.Build.0 = Release|iPhone
		{011B8DD6-FA0F-4EE1-B72F-7F2FC953B6A9}.Release|iPhoneSimulator.ActiveCfg = Release|iPhoneSimulator
		{011B8DD6-FA0F-4EE1-B72F-7F2FC953B6A9}.Release|iPhoneSimulator.Build.0 = Release|iPhoneSimulator
		{011B8DD6-FA0F-4EE1-B72F-7F2FC953B6A9}.Release|x64.ActiveCfg = Release|iPhone
		{011B8DD6-FA0F-4EE1-B72F-7F2FC953B6A9}.Release|x86.ActiveCfg = Release|iPhone
		{82755792-9CA2-42D5-AE6A-AED5F9149453}.Debug|Any CPU.ActiveCfg = Debug|Any CPU
		{82755792-9CA2-42D5-AE6A-AED5F9149453}.Debug|Any CPU.Build.0 = Debug|Any CPU
		{82755792-9CA2-42D5-AE6A-AED5F9149453}.Debug|ARM.ActiveCfg = Debug|Any CPU
		{82755792-9CA2-42D5-AE6A-AED5F9149453}.Debug|ARM.Build.0 = Debug|Any CPU
		{82755792-9CA2-42D5-AE6A-AED5F9149453}.Debug|iPhone.ActiveCfg = Debug|Any CPU
		{82755792-9CA2-42D5-AE6A-AED5F9149453}.Debug|iPhone.Build.0 = Debug|Any CPU
		{82755792-9CA2-42D5-AE6A-AED5F9149453}.Debug|iPhoneSimulator.ActiveCfg = Debug|Any CPU
		{82755792-9CA2-42D5-AE6A-AED5F9149453}.Debug|iPhoneSimulator.Build.0 = Debug|Any CPU
		{82755792-9CA2-42D5-AE6A-AED5F9149453}.Debug|x64.ActiveCfg = Debug|Any CPU
		{82755792-9CA2-42D5-AE6A-AED5F9149453}.Debug|x64.Build.0 = Debug|Any CPU
		{82755792-9CA2-42D5-AE6A-AED5F9149453}.Debug|x86.ActiveCfg = Debug|Any CPU
		{82755792-9CA2-42D5-AE6A-AED5F9149453}.Debug|x86.Build.0 = Debug|Any CPU
		{82755792-9CA2-42D5-AE6A-AED5F9149453}.Release|Any CPU.ActiveCfg = Release|Any CPU
		{82755792-9CA2-42D5-AE6A-AED5F9149453}.Release|Any CPU.Build.0 = Release|Any CPU
		{82755792-9CA2-42D5-AE6A-AED5F9149453}.Release|ARM.ActiveCfg = Release|Any CPU
		{82755792-9CA2-42D5-AE6A-AED5F9149453}.Release|ARM.Build.0 = Release|Any CPU
		{82755792-9CA2-42D5-AE6A-AED5F9149453}.Release|iPhone.ActiveCfg = Release|Any CPU
		{82755792-9CA2-42D5-AE6A-AED5F9149453}.Release|iPhone.Build.0 = Release|Any CPU
		{82755792-9CA2-42D5-AE6A-AED5F9149453}.Release|iPhoneSimulator.ActiveCfg = Release|Any CPU
		{82755792-9CA2-42D5-AE6A-AED5F9149453}.Release|iPhoneSimulator.Build.0 = Release|Any CPU
		{82755792-9CA2-42D5-AE6A-AED5F9149453}.Release|x64.ActiveCfg = Release|Any CPU
		{82755792-9CA2-42D5-AE6A-AED5F9149453}.Release|x64.Build.0 = Release|Any CPU
		{82755792-9CA2-42D5-AE6A-AED5F9149453}.Release|x86.ActiveCfg = Release|Any CPU
		{82755792-9CA2-42D5-AE6A-AED5F9149453}.Release|x86.Build.0 = Release|Any CPU
	EndGlobalSection
	GlobalSection(SolutionProperties) = preSolution
		HideSolutionNode = FALSE
	EndGlobalSection
	GlobalSection(ExtensibilityGlobals) = postSolution
		SolutionGuid = {591E8D4F-660E-49B8-9BBD-BB7B49B76461}
	EndGlobalSection
EndGlobal
